// !$*UTF8*$!
{
	archiveVersion = 1;
	classes = {
	};
	objectVersion = 46;
	objects = {

/* Begin PBXBuildFile section */
		17754AA6ABF6C6DC7715C42D /* Pods_Outfit_Me_2.framework in Frameworks */ = {isa = PBXBuildFile; fileRef = 92A3BCC58D4006EC6722066B /* Pods_Outfit_Me_2.framework */; };
		240FCB161D37F67400401405 /* AppDelegate.swift in Sources */ = {isa = PBXBuildFile; fileRef = 240FCB151D37F67400401405 /* AppDelegate.swift */; };
		240FCB181D37F67400401405 /* ViewController.swift in Sources */ = {isa = PBXBuildFile; fileRef = 240FCB171D37F67400401405 /* ViewController.swift */; };
		240FCB1B1D37F67400401405 /* Main.storyboard in Resources */ = {isa = PBXBuildFile; fileRef = 240FCB191D37F67400401405 /* Main.storyboard */; };
		240FCB1D1D37F67400401405 /* Assets.xcassets in Resources */ = {isa = PBXBuildFile; fileRef = 240FCB1C1D37F67400401405 /* Assets.xcassets */; };
		240FCB201D37F67400401405 /* LaunchScreen.storyboard in Resources */ = {isa = PBXBuildFile; fileRef = 240FCB1E1D37F67400401405 /* LaunchScreen.storyboard */; };
		240FCB2A1D38094700401405 /* MyClosetViewController.swift in Sources */ = {isa = PBXBuildFile; fileRef = 240FCB291D38094700401405 /* MyClosetViewController.swift */; };
		240FCB4E1D385A9900401405 /* TableViewCell.swift in Sources */ = {isa = PBXBuildFile; fileRef = 240FCB4D1D385A9900401405 /* TableViewCell.swift */; };
		240FCB541D3969DD00401405 /* puppy .jpg in Resources */ = {isa = PBXBuildFile; fileRef = 240FCB531D3969DD00401405 /* puppy .jpg */; };
		240FCB561D396D6600401405 /* kitten.jpg in Resources */ = {isa = PBXBuildFile; fileRef = 240FCB551D396D6600401405 /* kitten.jpg */; };
		240FCB591D39893D00401405 /* TopsDataProvider.swift in Sources */ = {isa = PBXBuildFile; fileRef = 240FCB581D39893D00401405 /* TopsDataProvider.swift */; };
		240FCB5B1D39907F00401405 /* CollectionViewCell.swift in Sources */ = {isa = PBXBuildFile; fileRef = 240FCB5A1D39907F00401405 /* CollectionViewCell.swift */; };
		240FCB5D1D399E2600401405 /* BottomsDataSource.swift in Sources */ = {isa = PBXBuildFile; fileRef = 240FCB5C1D399E2600401405 /* BottomsDataSource.swift */; };
		240FCB5F1D399F5700401405 /* OuterwearDataSource.swift in Sources */ = {isa = PBXBuildFile; fileRef = 240FCB5E1D399F5700401405 /* OuterwearDataSource.swift */; };
		240FCB611D39A08E00401405 /* DressesDataProvider.swift in Sources */ = {isa = PBXBuildFile; fileRef = 240FCB601D39A08E00401405 /* DressesDataProvider.swift */; };
		240FCB631D39A1D800401405 /* AccessoriesDataSource.swift in Sources */ = {isa = PBXBuildFile; fileRef = 240FCB621D39A1D800401405 /* AccessoriesDataSource.swift */; };
		240FCB651D39A24600401405 /* ShoesDataProvider.swift in Sources */ = {isa = PBXBuildFile; fileRef = 240FCB641D39A24600401405 /* ShoesDataProvider.swift */; };
		240FCB6B1D3D74E400401405 /* PhotoTakingHelper.swift in Sources */ = {isa = PBXBuildFile; fileRef = 240FCB6A1D3D74E400401405 /* PhotoTakingHelper.swift */; };
		240FCB6D1D3EA1E100401405 /* ParseLoginHelper.swift in Sources */ = {isa = PBXBuildFile; fileRef = 240FCB6C1D3EA1E100401405 /* ParseLoginHelper.swift */; };
		240FCB6F1D3EA75500401405 /* ErrorHandling.swift in Sources */ = {isa = PBXBuildFile; fileRef = 240FCB6E1D3EA75500401405 /* ErrorHandling.swift */; };
		240FCB711D3EABE300401405 /* ParsePhotos.swift in Sources */ = {isa = PBXBuildFile; fileRef = 240FCB701D3EABE300401405 /* ParsePhotos.swift */; };
		2414861A1D4C1680005E0E95 /* OutfitBuilderTableViewCell.swift in Sources */ = {isa = PBXBuildFile; fileRef = 241486191D4C1680005E0E95 /* OutfitBuilderTableViewCell.swift */; };
		2414861C1D4C268B005E0E95 /* OutfitBuilderDataProvider.swift in Sources */ = {isa = PBXBuildFile; fileRef = 2414861B1D4C268B005E0E95 /* OutfitBuilderDataProvider.swift */; };
		2414861E1D4C331A005E0E95 /* OutfitBuilderCollectionViewCell.swift in Sources */ = {isa = PBXBuildFile; fileRef = 2414861D1D4C331A005E0E95 /* OutfitBuilderCollectionViewCell.swift */; };
		241486201D4C8048005E0E95 /* TopsOutfitProvider.swift in Sources */ = {isa = PBXBuildFile; fileRef = 2414861F1D4C8048005E0E95 /* TopsOutfitProvider.swift */; };
		241486221D4C805B005E0E95 /* BottomsOutfitProvider.swift in Sources */ = {isa = PBXBuildFile; fileRef = 241486211D4C805B005E0E95 /* BottomsOutfitProvider.swift */; };
		241486241D4C806E005E0E95 /* OuterwearDataProvider.swift in Sources */ = {isa = PBXBuildFile; fileRef = 241486231D4C806E005E0E95 /* OuterwearDataProvider.swift */; };
		241486261D4C8082005E0E95 /* DressesOutfitProvider.swift in Sources */ = {isa = PBXBuildFile; fileRef = 241486251D4C8082005E0E95 /* DressesOutfitProvider.swift */; };
		241486281D4C8096005E0E95 /* AccessoriesDataProvider.swift in Sources */ = {isa = PBXBuildFile; fileRef = 241486271D4C8096005E0E95 /* AccessoriesDataProvider.swift */; };
		2414862A1D4C80A6005E0E95 /* ShoesOutfitProvider.swift in Sources */ = {isa = PBXBuildFile; fileRef = 241486291D4C80A6005E0E95 /* ShoesOutfitProvider.swift */; };
		244251851D42D87D007430BD /* ClothingDataProvider.swift in Sources */ = {isa = PBXBuildFile; fileRef = 244251841D42D87D007430BD /* ClothingDataProvider.swift */; };
		24599E841D4A98C800DDDCB6 /* OutfitBuilderViewController.swift in Sources */ = {isa = PBXBuildFile; fileRef = 24599E831D4A98C800DDDCB6 /* OutfitBuilderViewController.swift */; };
		24B715C91D52704F00D9F3D2 /* OutfitViewController.swift in Sources */ = {isa = PBXBuildFile; fileRef = 24B715C81D52704F00D9F3D2 /* OutfitViewController.swift */; };
		24B715CB1D527C2D00D9F3D2 /* OutfitTableViewCell.swift in Sources */ = {isa = PBXBuildFile; fileRef = 24B715CA1D527C2D00D9F3D2 /* OutfitTableViewCell.swift */; };
		24B715CD1D52A38400D9F3D2 /* OutfitCollectionViewCell.swift in Sources */ = {isa = PBXBuildFile; fileRef = 24B715CC1D52A38400D9F3D2 /* OutfitCollectionViewCell.swift */; };
		24B715D11D55109C00D9F3D2 /* LoginViewController.swift in Sources */ = {isa = PBXBuildFile; fileRef = 24B715D01D55109C00D9F3D2 /* LoginViewController.swift */; };
		24D8A0F41D59714C0004356B /* FeedViewController.swift in Sources */ = {isa = PBXBuildFile; fileRef = 24D8A0F31D59714B0004356B /* FeedViewController.swift */; };
		24D8A0F61D597AAE0004356B /* FeedTableViewCell.swift in Sources */ = {isa = PBXBuildFile; fileRef = 24D8A0F51D597AAE0004356B /* FeedTableViewCell.swift */; };
		24D8A0F81D59A0A20004356B /* FeedCollectionViewCell.swift in Sources */ = {isa = PBXBuildFile; fileRef = 24D8A0F71D59A0A20004356B /* FeedCollectionViewCell.swift */; };
/* End PBXBuildFile section */

/* Begin PBXFileReference section */
		12BAEEF0D1F8BD9290A96987 /* Pods-Outfit Me_2.release.xcconfig */ = {isa = PBXFileReference; includeInIndex = 1; lastKnownFileType = text.xcconfig; name = "Pods-Outfit Me_2.release.xcconfig"; path = "Pods/Target Support Files/Pods-Outfit Me_2/Pods-Outfit Me_2.release.xcconfig"; sourceTree = "<group>"; };
		240FCB121D37F67400401405 /* Outfit Me_2.app */ = {isa = PBXFileReference; explicitFileType = wrapper.application; includeInIndex = 0; path = "Outfit Me_2.app"; sourceTree = BUILT_PRODUCTS_DIR; };
		240FCB151D37F67400401405 /* AppDelegate.swift */ = {isa = PBXFileReference; lastKnownFileType = sourcecode.swift; path = AppDelegate.swift; sourceTree = "<group>"; };
		240FCB171D37F67400401405 /* ViewController.swift */ = {isa = PBXFileReference; lastKnownFileType = sourcecode.swift; path = ViewController.swift; sourceTree = "<group>"; };
		240FCB1A1D37F67400401405 /* Base */ = {isa = PBXFileReference; lastKnownFileType = file.storyboard; name = Base; path = Base.lproj/Main.storyboard; sourceTree = "<group>"; };
		240FCB1C1D37F67400401405 /* Assets.xcassets */ = {isa = PBXFileReference; lastKnownFileType = folder.assetcatalog; path = Assets.xcassets; sourceTree = "<group>"; };
		240FCB1F1D37F67400401405 /* Base */ = {isa = PBXFileReference; lastKnownFileType = file.storyboard; name = Base; path = Base.lproj/LaunchScreen.storyboard; sourceTree = "<group>"; };
		240FCB211D37F67400401405 /* Info.plist */ = {isa = PBXFileReference; lastKnownFileType = text.plist.xml; path = Info.plist; sourceTree = "<group>"; };
		240FCB291D38094700401405 /* MyClosetViewController.swift */ = {isa = PBXFileReference; fileEncoding = 4; lastKnownFileType = sourcecode.swift; path = MyClosetViewController.swift; sourceTree = "<group>"; };
		240FCB4D1D385A9900401405 /* TableViewCell.swift */ = {isa = PBXFileReference; fileEncoding = 4; lastKnownFileType = sourcecode.swift; path = TableViewCell.swift; sourceTree = "<group>"; };
		240FCB531D3969DD00401405 /* puppy .jpg */ = {isa = PBXFileReference; lastKnownFileType = image.jpeg; path = "puppy .jpg"; sourceTree = "<group>"; };
		240FCB551D396D6600401405 /* kitten.jpg */ = {isa = PBXFileReference; lastKnownFileType = image.jpeg; path = kitten.jpg; sourceTree = "<group>"; };
		240FCB581D39893D00401405 /* TopsDataProvider.swift */ = {isa = PBXFileReference; fileEncoding = 4; lastKnownFileType = sourcecode.swift; path = TopsDataProvider.swift; sourceTree = "<group>"; };
		240FCB5A1D39907F00401405 /* CollectionViewCell.swift */ = {isa = PBXFileReference; fileEncoding = 4; lastKnownFileType = sourcecode.swift; path = CollectionViewCell.swift; sourceTree = "<group>"; };
		240FCB5C1D399E2600401405 /* BottomsDataSource.swift */ = {isa = PBXFileReference; fileEncoding = 4; lastKnownFileType = sourcecode.swift; path = BottomsDataSource.swift; sourceTree = "<group>"; };
		240FCB5E1D399F5700401405 /* OuterwearDataSource.swift */ = {isa = PBXFileReference; fileEncoding = 4; lastKnownFileType = sourcecode.swift; path = OuterwearDataSource.swift; sourceTree = "<group>"; };
		240FCB601D39A08E00401405 /* DressesDataProvider.swift */ = {isa = PBXFileReference; fileEncoding = 4; lastKnownFileType = sourcecode.swift; path = DressesDataProvider.swift; sourceTree = "<group>"; };
		240FCB621D39A1D800401405 /* AccessoriesDataSource.swift */ = {isa = PBXFileReference; fileEncoding = 4; lastKnownFileType = sourcecode.swift; path = AccessoriesDataSource.swift; sourceTree = "<group>"; };
		240FCB641D39A24600401405 /* ShoesDataProvider.swift */ = {isa = PBXFileReference; fileEncoding = 4; lastKnownFileType = sourcecode.swift; path = ShoesDataProvider.swift; sourceTree = "<group>"; };
		240FCB6A1D3D74E400401405 /* PhotoTakingHelper.swift */ = {isa = PBXFileReference; fileEncoding = 4; lastKnownFileType = sourcecode.swift; path = PhotoTakingHelper.swift; sourceTree = "<group>"; };
		240FCB6C1D3EA1E100401405 /* ParseLoginHelper.swift */ = {isa = PBXFileReference; fileEncoding = 4; lastKnownFileType = sourcecode.swift; path = ParseLoginHelper.swift; sourceTree = "<group>"; };
		240FCB6E1D3EA75500401405 /* ErrorHandling.swift */ = {isa = PBXFileReference; fileEncoding = 4; lastKnownFileType = sourcecode.swift; path = ErrorHandling.swift; sourceTree = "<group>"; };
		240FCB701D3EABE300401405 /* ParsePhotos.swift */ = {isa = PBXFileReference; fileEncoding = 4; lastKnownFileType = sourcecode.swift; path = ParsePhotos.swift; sourceTree = "<group>"; };
		241486191D4C1680005E0E95 /* OutfitBuilderTableViewCell.swift */ = {isa = PBXFileReference; fileEncoding = 4; lastKnownFileType = sourcecode.swift; path = OutfitBuilderTableViewCell.swift; sourceTree = "<group>"; };
		2414861B1D4C268B005E0E95 /* OutfitBuilderDataProvider.swift */ = {isa = PBXFileReference; fileEncoding = 4; lastKnownFileType = sourcecode.swift; path = OutfitBuilderDataProvider.swift; sourceTree = "<group>"; };
		2414861D1D4C331A005E0E95 /* OutfitBuilderCollectionViewCell.swift */ = {isa = PBXFileReference; fileEncoding = 4; lastKnownFileType = sourcecode.swift; path = OutfitBuilderCollectionViewCell.swift; sourceTree = "<group>"; };
		2414861F1D4C8048005E0E95 /* TopsOutfitProvider.swift */ = {isa = PBXFileReference; fileEncoding = 4; lastKnownFileType = sourcecode.swift; path = TopsOutfitProvider.swift; sourceTree = "<group>"; };
		241486211D4C805B005E0E95 /* BottomsOutfitProvider.swift */ = {isa = PBXFileReference; fileEncoding = 4; lastKnownFileType = sourcecode.swift; path = BottomsOutfitProvider.swift; sourceTree = "<group>"; };
		241486231D4C806E005E0E95 /* OuterwearDataProvider.swift */ = {isa = PBXFileReference; fileEncoding = 4; lastKnownFileType = sourcecode.swift; path = OuterwearDataProvider.swift; sourceTree = "<group>"; };
		241486251D4C8082005E0E95 /* DressesOutfitProvider.swift */ = {isa = PBXFileReference; fileEncoding = 4; lastKnownFileType = sourcecode.swift; path = DressesOutfitProvider.swift; sourceTree = "<group>"; };
		241486271D4C8096005E0E95 /* AccessoriesDataProvider.swift */ = {isa = PBXFileReference; fileEncoding = 4; lastKnownFileType = sourcecode.swift; path = AccessoriesDataProvider.swift; sourceTree = "<group>"; };
		241486291D4C80A6005E0E95 /* ShoesOutfitProvider.swift */ = {isa = PBXFileReference; fileEncoding = 4; lastKnownFileType = sourcecode.swift; path = ShoesOutfitProvider.swift; sourceTree = "<group>"; };
		244251841D42D87D007430BD /* ClothingDataProvider.swift */ = {isa = PBXFileReference; fileEncoding = 4; lastKnownFileType = sourcecode.swift; path = ClothingDataProvider.swift; sourceTree = "<group>"; };
		24599E831D4A98C800DDDCB6 /* OutfitBuilderViewController.swift */ = {isa = PBXFileReference; fileEncoding = 4; lastKnownFileType = sourcecode.swift; path = OutfitBuilderViewController.swift; sourceTree = "<group>"; };
		24B715C81D52704F00D9F3D2 /* OutfitViewController.swift */ = {isa = PBXFileReference; fileEncoding = 4; lastKnownFileType = sourcecode.swift; path = OutfitViewController.swift; sourceTree = "<group>"; };
		24B715CA1D527C2D00D9F3D2 /* OutfitTableViewCell.swift */ = {isa = PBXFileReference; fileEncoding = 4; lastKnownFileType = sourcecode.swift; path = OutfitTableViewCell.swift; sourceTree = "<group>"; };
		24B715CC1D52A38400D9F3D2 /* OutfitCollectionViewCell.swift */ = {isa = PBXFileReference; fileEncoding = 4; lastKnownFileType = sourcecode.swift; path = OutfitCollectionViewCell.swift; sourceTree = "<group>"; };
		24B715D01D55109C00D9F3D2 /* LoginViewController.swift */ = {isa = PBXFileReference; fileEncoding = 4; lastKnownFileType = sourcecode.swift; path = LoginViewController.swift; sourceTree = "<group>"; };
		24D8A0F31D59714B0004356B /* FeedViewController.swift */ = {isa = PBXFileReference; fileEncoding = 4; lastKnownFileType = sourcecode.swift; path = FeedViewController.swift; sourceTree = "<group>"; };
		24D8A0F51D597AAE0004356B /* FeedTableViewCell.swift */ = {isa = PBXFileReference; fileEncoding = 4; lastKnownFileType = sourcecode.swift; path = FeedTableViewCell.swift; sourceTree = "<group>"; };
		24D8A0F71D59A0A20004356B /* FeedCollectionViewCell.swift */ = {isa = PBXFileReference; fileEncoding = 4; lastKnownFileType = sourcecode.swift; path = FeedCollectionViewCell.swift; sourceTree = "<group>"; };
		691BA2FB049B510D0816E0D3 /* Pods-Outfit Me_2.debug.xcconfig */ = {isa = PBXFileReference; includeInIndex = 1; lastKnownFileType = text.xcconfig; name = "Pods-Outfit Me_2.debug.xcconfig"; path = "Pods/Target Support Files/Pods-Outfit Me_2/Pods-Outfit Me_2.debug.xcconfig"; sourceTree = "<group>"; };
		92A3BCC58D4006EC6722066B /* Pods_Outfit_Me_2.framework */ = {isa = PBXFileReference; explicitFileType = wrapper.framework; includeInIndex = 0; path = Pods_Outfit_Me_2.framework; sourceTree = BUILT_PRODUCTS_DIR; };
/* End PBXFileReference section */

/* Begin PBXFrameworksBuildPhase section */
		240FCB0F1D37F67400401405 /* Frameworks */ = {
			isa = PBXFrameworksBuildPhase;
			buildActionMask = 2147483647;
			files = (
				17754AA6ABF6C6DC7715C42D /* Pods_Outfit_Me_2.framework in Frameworks */,
			);
			runOnlyForDeploymentPostprocessing = 0;
		};
/* End PBXFrameworksBuildPhase section */

/* Begin PBXGroup section */
		240FCB091D37F67400401405 = {
			isa = PBXGroup;
			children = (
				240FCB141D37F67400401405 /* Outfit Me_2 */,
				240FCB131D37F67400401405 /* Products */,
				524B74790CA43C5738249ACD /* Pods */,
				CFFAF585A0EAAB8DAA838E15 /* Frameworks */,
			);
			sourceTree = "<group>";
		};
		240FCB131D37F67400401405 /* Products */ = {
			isa = PBXGroup;
			children = (
				240FCB121D37F67400401405 /* Outfit Me_2.app */,
			);
			name = Products;
			sourceTree = "<group>";
		};
		240FCB141D37F67400401405 /* Outfit Me_2 */ = {
			isa = PBXGroup;
			children = (
				240FCB151D37F67400401405 /* AppDelegate.swift */,
				240FCB191D37F67400401405 /* Main.storyboard */,
				240FCB571D39886600401405 /* Data providers */,
				24D8A0F31D59714B0004356B /* FeedViewController.swift */,
				24D8A0F51D597AAE0004356B /* FeedTableViewCell.swift */,
				24D8A0F71D59A0A20004356B /* FeedCollectionViewCell.swift */,
				24B715C81D52704F00D9F3D2 /* OutfitViewController.swift */,
				24B715CA1D527C2D00D9F3D2 /* OutfitTableViewCell.swift */,
				24B715CC1D52A38400D9F3D2 /* OutfitCollectionViewCell.swift */,
				24B715D01D55109C00D9F3D2 /* LoginViewController.swift */,
				2414861D1D4C331A005E0E95 /* OutfitBuilderCollectionViewCell.swift */,
				24599E831D4A98C800DDDCB6 /* OutfitBuilderViewController.swift */,
				241486191D4C1680005E0E95 /* OutfitBuilderTableViewCell.swift */,
				240FCB171D37F67400401405 /* ViewController.swift */,
				240FCB4D1D385A9900401405 /* TableViewCell.swift */,
				240FCB5A1D39907F00401405 /* CollectionViewCell.swift */,
				240FCB291D38094700401405 /* MyClosetViewController.swift */,
				240FCB701D3EABE300401405 /* ParsePhotos.swift */,
				240FCB6A1D3D74E400401405 /* PhotoTakingHelper.swift */,
				240FCB6C1D3EA1E100401405 /* ParseLoginHelper.swift */,
				240FCB6E1D3EA75500401405 /* ErrorHandling.swift */,
				240FCB531D3969DD00401405 /* puppy .jpg */,
				240FCB551D396D6600401405 /* kitten.jpg */,
				240FCB1C1D37F67400401405 /* Assets.xcassets */,
				240FCB1E1D37F67400401405 /* LaunchScreen.storyboard */,
				240FCB211D37F67400401405 /* Info.plist */,
			);
			path = "Outfit Me_2";
			sourceTree = "<group>";
		};
		240FCB571D39886600401405 /* Data providers */ = {
			isa = PBXGroup;
			children = (
				2414861B1D4C268B005E0E95 /* OutfitBuilderDataProvider.swift */,
				2414861F1D4C8048005E0E95 /* TopsOutfitProvider.swift */,
				241486211D4C805B005E0E95 /* BottomsOutfitProvider.swift */,
				241486231D4C806E005E0E95 /* OuterwearDataProvider.swift */,
				241486251D4C8082005E0E95 /* DressesOutfitProvider.swift */,
				241486271D4C8096005E0E95 /* AccessoriesDataProvider.swift */,
				241486291D4C80A6005E0E95 /* ShoesOutfitProvider.swift */,
				244251841D42D87D007430BD /* ClothingDataProvider.swift */,
				240FCB581D39893D00401405 /* TopsDataProvider.swift */,
				240FCB5C1D399E2600401405 /* BottomsDataSource.swift */,
				240FCB5E1D399F5700401405 /* OuterwearDataSource.swift */,
				240FCB601D39A08E00401405 /* DressesDataProvider.swift */,
				240FCB621D39A1D800401405 /* AccessoriesDataSource.swift */,
				240FCB641D39A24600401405 /* ShoesDataProvider.swift */,
			);
			name = "Data providers";
			sourceTree = "<group>";
		};
		524B74790CA43C5738249ACD /* Pods */ = {
			isa = PBXGroup;
			children = (
				691BA2FB049B510D0816E0D3 /* Pods-Outfit Me_2.debug.xcconfig */,
				12BAEEF0D1F8BD9290A96987 /* Pods-Outfit Me_2.release.xcconfig */,
			);
			name = Pods;
			sourceTree = "<group>";
		};
		CFFAF585A0EAAB8DAA838E15 /* Frameworks */ = {
			isa = PBXGroup;
			children = (
				92A3BCC58D4006EC6722066B /* Pods_Outfit_Me_2.framework */,
			);
			name = Frameworks;
			sourceTree = "<group>";
		};
/* End PBXGroup section */

/* Begin PBXNativeTarget section */
		240FCB111D37F67400401405 /* Outfit Me_2 */ = {
			isa = PBXNativeTarget;
			buildConfigurationList = 240FCB241D37F67400401405 /* Build configuration list for PBXNativeTarget "Outfit Me_2" */;
			buildPhases = (
				6D131B4A19EC5D93F5F47860 /* [CP] Check Pods Manifest.lock */,
				240FCB0E1D37F67400401405 /* Sources */,
				240FCB0F1D37F67400401405 /* Frameworks */,
				240FCB101D37F67400401405 /* Resources */,
				F151BB937DF469782E00D2B5 /* [CP] Embed Pods Frameworks */,
				04BD4C90C334D46827A712DD /* [CP] Copy Pods Resources */,
			);
			buildRules = (
			);
			dependencies = (
			);
			name = "Outfit Me_2";
			productName = "Outfit Me_2";
			productReference = 240FCB121D37F67400401405 /* Outfit Me_2.app */;
			productType = "com.apple.product-type.application";
		};
/* End PBXNativeTarget section */

/* Begin PBXProject section */
		240FCB0A1D37F67400401405 /* Project object */ = {
			isa = PBXProject;
			attributes = {
				LastSwiftUpdateCheck = 0730;
				LastUpgradeCheck = 0730;
				ORGANIZATIONNAME = MakeSchool;
				TargetAttributes = {
					240FCB111D37F67400401405 = {
						CreatedOnToolsVersion = 7.3.1;
						DevelopmentTeam = QUKWG6Z5CP;
					};
				};
			};
			buildConfigurationList = 240FCB0D1D37F67400401405 /* Build configuration list for PBXProject "Outfit Me_2" */;
			compatibilityVersion = "Xcode 3.2";
			developmentRegion = English;
			hasScannedForEncodings = 0;
			knownRegions = (
				en,
				Base,
			);
			mainGroup = 240FCB091D37F67400401405;
			productRefGroup = 240FCB131D37F67400401405 /* Products */;
			projectDirPath = "";
			projectRoot = "";
			targets = (
				240FCB111D37F67400401405 /* Outfit Me_2 */,
			);
		};
/* End PBXProject section */

/* Begin PBXResourcesBuildPhase section */
		240FCB101D37F67400401405 /* Resources */ = {
			isa = PBXResourcesBuildPhase;
			buildActionMask = 2147483647;
			files = (
				240FCB561D396D6600401405 /* kitten.jpg in Resources */,
				240FCB201D37F67400401405 /* LaunchScreen.storyboard in Resources */,
				240FCB1D1D37F67400401405 /* Assets.xcassets in Resources */,
				240FCB1B1D37F67400401405 /* Main.storyboard in Resources */,
				240FCB541D3969DD00401405 /* puppy .jpg in Resources */,
			);
			runOnlyForDeploymentPostprocessing = 0;
		};
/* End PBXResourcesBuildPhase section */

/* Begin PBXShellScriptBuildPhase section */
		04BD4C90C334D46827A712DD /* [CP] Copy Pods Resources */ = {
			isa = PBXShellScriptBuildPhase;
			buildActionMask = 2147483647;
			files = (
			);
			inputPaths = (
			);
			name = "[CP] Copy Pods Resources";
			outputPaths = (
			);
			runOnlyForDeploymentPostprocessing = 0;
			shellPath = /bin/sh;
			shellScript = "\"${SRCROOT}/Pods/Target Support Files/Pods-Outfit Me_2/Pods-Outfit Me_2-resources.sh\"\n";
			showEnvVarsInLog = 0;
		};
		6D131B4A19EC5D93F5F47860 /* [CP] Check Pods Manifest.lock */ = {
			isa = PBXShellScriptBuildPhase;
			buildActionMask = 2147483647;
			files = (
			);
			inputPaths = (
			);
			name = "[CP] Check Pods Manifest.lock";
			outputPaths = (
			);
			runOnlyForDeploymentPostprocessing = 0;
			shellPath = /bin/sh;
			shellScript = "diff \"${PODS_ROOT}/../Podfile.lock\" \"${PODS_ROOT}/Manifest.lock\" > /dev/null\nif [[ $? != 0 ]] ; then\n    cat << EOM\nerror: The sandbox is not in sync with the Podfile.lock. Run 'pod install' or update your CocoaPods installation.\nEOM\n    exit 1\nfi\n";
			showEnvVarsInLog = 0;
		};
		F151BB937DF469782E00D2B5 /* [CP] Embed Pods Frameworks */ = {
			isa = PBXShellScriptBuildPhase;
			buildActionMask = 2147483647;
			files = (
			);
			inputPaths = (
			);
			name = "[CP] Embed Pods Frameworks";
			outputPaths = (
			);
			runOnlyForDeploymentPostprocessing = 0;
			shellPath = /bin/sh;
			shellScript = "\"${SRCROOT}/Pods/Target Support Files/Pods-Outfit Me_2/Pods-Outfit Me_2-frameworks.sh\"\n";
			showEnvVarsInLog = 0;
		};
/* End PBXShellScriptBuildPhase section */

/* Begin PBXSourcesBuildPhase section */
		240FCB0E1D37F67400401405 /* Sources */ = {
			isa = PBXSourcesBuildPhase;
			buildActionMask = 2147483647;
			files = (
				240FCB2A1D38094700401405 /* MyClosetViewController.swift in Sources */,
				240FCB4E1D385A9900401405 /* TableViewCell.swift in Sources */,
				24D8A0F81D59A0A20004356B /* FeedCollectionViewCell.swift in Sources */,
				2414861A1D4C1680005E0E95 /* OutfitBuilderTableViewCell.swift in Sources */,
				244251851D42D87D007430BD /* ClothingDataProvider.swift in Sources */,
				240FCB611D39A08E00401405 /* DressesDataProvider.swift in Sources */,
				240FCB631D39A1D800401405 /* AccessoriesDataSource.swift in Sources */,
				24B715CB1D527C2D00D9F3D2 /* OutfitTableViewCell.swift in Sources */,
				240FCB5B1D39907F00401405 /* CollectionViewCell.swift in Sources */,
				240FCB711D3EABE300401405 /* ParsePhotos.swift in Sources */,
				24D8A0F61D597AAE0004356B /* FeedTableViewCell.swift in Sources */,
				240FCB181D37F67400401405 /* ViewController.swift in Sources */,
				240FCB6B1D3D74E400401405 /* PhotoTakingHelper.swift in Sources */,
				241486201D4C8048005E0E95 /* TopsOutfitProvider.swift in Sources */,
				2414861C1D4C268B005E0E95 /* OutfitBuilderDataProvider.swift in Sources */,
				2414862A1D4C80A6005E0E95 /* ShoesOutfitProvider.swift in Sources */,
				241486221D4C805B005E0E95 /* BottomsOutfitProvider.swift in Sources */,
				240FCB591D39893D00401405 /* TopsDataProvider.swift in Sources */,
				240FCB6D1D3EA1E100401405 /* ParseLoginHelper.swift in Sources */,
				240FCB6F1D3EA75500401405 /* ErrorHandling.swift in Sources */,
				24B715D11D55109C00D9F3D2 /* LoginViewController.swift in Sources */,
				240FCB651D39A24600401405 /* ShoesDataProvider.swift in Sources */,
				240FCB5F1D399F5700401405 /* OuterwearDataSource.swift in Sources */,
				24B715CD1D52A38400D9F3D2 /* OutfitCollectionViewCell.swift in Sources */,
				24B715C91D52704F00D9F3D2 /* OutfitViewController.swift in Sources */,
				241486281D4C8096005E0E95 /* AccessoriesDataProvider.swift in Sources */,
				24D8A0F41D59714C0004356B /* FeedViewController.swift in Sources */,
				240FCB161D37F67400401405 /* AppDelegate.swift in Sources */,
				2414861E1D4C331A005E0E95 /* OutfitBuilderCollectionViewCell.swift in Sources */,
				24599E841D4A98C800DDDCB6 /* OutfitBuilderViewController.swift in Sources */,
				241486261D4C8082005E0E95 /* DressesOutfitProvider.swift in Sources */,
				241486241D4C806E005E0E95 /* OuterwearDataProvider.swift in Sources */,
				240FCB5D1D399E2600401405 /* BottomsDataSource.swift in Sources */,
			);
			runOnlyForDeploymentPostprocessing = 0;
		};
/* End PBXSourcesBuildPhase section */

/* Begin PBXVariantGroup section */
		240FCB191D37F67400401405 /* Main.storyboard */ = {
			isa = PBXVariantGroup;
			children = (
				240FCB1A1D37F67400401405 /* Base */,
			);
			name = Main.storyboard;
			sourceTree = "<group>";
		};
		240FCB1E1D37F67400401405 /* LaunchScreen.storyboard */ = {
			isa = PBXVariantGroup;
			children = (
				240FCB1F1D37F67400401405 /* Base */,
			);
			name = LaunchScreen.storyboard;
			sourceTree = "<group>";
		};
/* End PBXVariantGroup section */

/* Begin XCBuildConfiguration section */
		240FCB221D37F67400401405 /* Debug */ = {
			isa = XCBuildConfiguration;
			buildSettings = {
				ALWAYS_SEARCH_USER_PATHS = NO;
				CLANG_ANALYZER_NONNULL = YES;
				CLANG_CXX_LANGUAGE_STANDARD = "gnu++0x";
				CLANG_CXX_LIBRARY = "libc++";
				CLANG_ENABLE_MODULES = YES;
				CLANG_ENABLE_OBJC_ARC = YES;
				CLANG_WARN_BOOL_CONVERSION = YES;
				CLANG_WARN_CONSTANT_CONVERSION = YES;
				CLANG_WARN_DIRECT_OBJC_ISA_USAGE = YES_ERROR;
				CLANG_WARN_EMPTY_BODY = YES;
				CLANG_WARN_ENUM_CONVERSION = YES;
				CLANG_WARN_INT_CONVERSION = YES;
				CLANG_WARN_OBJC_ROOT_CLASS = YES_ERROR;
				CLANG_WARN_UNREACHABLE_CODE = YES;
				CLANG_WARN__DUPLICATE_METHOD_MATCH = YES;
				"CODE_SIGN_IDENTITY[sdk=iphoneos*]" = "iPhone Developer";
				COPY_PHASE_STRIP = NO;
				DEBUG_INFORMATION_FORMAT = dwarf;
				ENABLE_STRICT_OBJC_MSGSEND = YES;
				ENABLE_TESTABILITY = YES;
				GCC_C_LANGUAGE_STANDARD = gnu99;
				GCC_DYNAMIC_NO_PIC = NO;
				GCC_NO_COMMON_BLOCKS = YES;
				GCC_OPTIMIZATION_LEVEL = 0;
				GCC_PREPROCESSOR_DEFINITIONS = (
					"DEBUG=1",
					"$(inherited)",
				);
				GCC_WARN_64_TO_32_BIT_CONVERSION = YES;
				GCC_WARN_ABOUT_RETURN_TYPE = YES_ERROR;
				GCC_WARN_UNDECLARED_SELECTOR = YES;
				GCC_WARN_UNINITIALIZED_AUTOS = YES_AGGRESSIVE;
				GCC_WARN_UNUSED_FUNCTION = YES;
				GCC_WARN_UNUSED_VARIABLE = YES;
				IPHONEOS_DEPLOYMENT_TARGET = 9.3;
				MTL_ENABLE_DEBUG_INFO = YES;
				ONLY_ACTIVE_ARCH = YES;
				SDKROOT = iphoneos;
				SWIFT_OPTIMIZATION_LEVEL = "-Onone";
			};
			name = Debug;
		};
		240FCB231D37F67400401405 /* Release */ = {
			isa = XCBuildConfiguration;
			buildSettings = {
				ALWAYS_SEARCH_USER_PATHS = NO;
				CLANG_ANALYZER_NONNULL = YES;
				CLANG_CXX_LANGUAGE_STANDARD = "gnu++0x";
				CLANG_CXX_LIBRARY = "libc++";
				CLANG_ENABLE_MODULES = YES;
				CLANG_ENABLE_OBJC_ARC = YES;
				CLANG_WARN_BOOL_CONVERSION = YES;
				CLANG_WARN_CONSTANT_CONVERSION = YES;
				CLANG_WARN_DIRECT_OBJC_ISA_USAGE = YES_ERROR;
				CLANG_WARN_EMPTY_BODY = YES;
				CLANG_WARN_ENUM_CONVERSION = YES;
				CLANG_WARN_INT_CONVERSION = YES;
				CLANG_WARN_OBJC_ROOT_CLASS = YES_ERROR;
				CLANG_WARN_UNREACHABLE_CODE = YES;
				CLANG_WARN__DUPLICATE_METHOD_MATCH = YES;
				"CODE_SIGN_IDENTITY[sdk=iphoneos*]" = "iPhone Developer";
				COPY_PHASE_STRIP = NO;
				DEBUG_INFORMATION_FORMAT = "dwarf-with-dsym";
				ENABLE_NS_ASSERTIONS = NO;
				ENABLE_STRICT_OBJC_MSGSEND = YES;
				GCC_C_LANGUAGE_STANDARD = gnu99;
				GCC_NO_COMMON_BLOCKS = YES;
				GCC_WARN_64_TO_32_BIT_CONVERSION = YES;
				GCC_WARN_ABOUT_RETURN_TYPE = YES_ERROR;
				GCC_WARN_UNDECLARED_SELECTOR = YES;
				GCC_WARN_UNINITIALIZED_AUTOS = YES_AGGRESSIVE;
				GCC_WARN_UNUSED_FUNCTION = YES;
				GCC_WARN_UNUSED_VARIABLE = YES;
				IPHONEOS_DEPLOYMENT_TARGET = 9.3;
				MTL_ENABLE_DEBUG_INFO = NO;
				SDKROOT = iphoneos;
				VALIDATE_PRODUCT = YES;
			};
			name = Release;
		};
		240FCB251D37F67400401405 /* Debug */ = {
			isa = XCBuildConfiguration;
			baseConfigurationReference = 691BA2FB049B510D0816E0D3 /* Pods-Outfit Me_2.debug.xcconfig */;
			buildSettings = {
				ASSETCATALOG_COMPILER_APPICON_NAME = AppIcon;
				CODE_SIGN_IDENTITY = "iPhone Developer";
				"CODE_SIGN_IDENTITY[sdk=iphoneos*]" = "iPhone Developer";
				INFOPLIST_FILE = "Outfit Me_2/Info.plist";
				LD_RUNPATH_SEARCH_PATHS = "$(inherited) @executable_path/Frameworks";
				PRODUCT_BUNDLE_IDENTIFIER = "com.makeschool.Outfit-Me-2";
				PRODUCT_NAME = "$(TARGET_NAME)";
				PROVISIONING_PROFILE = "";
			};
			name = Debug;
		};
		240FCB261D37F67400401405 /* Release */ = {
			isa = XCBuildConfiguration;
			baseConfigurationReference = 12BAEEF0D1F8BD9290A96987 /* Pods-Outfit Me_2.release.xcconfig */;
			buildSettings = {
				ASSETCATALOG_COMPILER_APPICON_NAME = AppIcon;
				CODE_SIGN_IDENTITY = "iPhone Developer";
				"CODE_SIGN_IDENTITY[sdk=iphoneos*]" = "iPhone Developer";
				INFOPLIST_FILE = "Outfit Me_2/Info.plist";
				LD_RUNPATH_SEARCH_PATHS = "$(inherited) @executable_path/Frameworks";
				PRODUCT_BUNDLE_IDENTIFIER = "com.makeschool.Outfit-Me-2";
				PRODUCT_NAME = "$(TARGET_NAME)";
				PROVISIONING_PROFILE = "";
			};
			name = Release;
		};
/* End XCBuildConfiguration section */

/* Begin XCConfigurationList section */
		240FCB0D1D37F67400401405 /* Build configuration list for PBXProject "Outfit Me_2" */ = {
			isa = XCConfigurationList;
			buildConfigurations = (
				240FCB221D37F67400401405 /* Debug */,
				240FCB231D37F67400401405 /* Release */,
			);
			defaultConfigurationIsVisible = 0;
			defaultConfigurationName = Release;
		};
		240FCB241D37F67400401405 /* Build configuration list for PBXNativeTarget "Outfit Me_2" */ = {
			isa = XCConfigurationList;
			buildConfigurations = (
				240FCB251D37F67400401405 /* Debug */,
				240FCB261D37F67400401405 /* Release */,
			);
			defaultConfigurationIsVisible = 0;
			defaultConfigurationName = Release;
		};
/* End XCConfigurationList section */
	};
	rootObject = 240FCB0A1D37F67400401405 /* Project object */;
}
